# This file is generated by running "yarn install" inside your project.
# Manual changes might be lost - proceed with caution!

__metadata:
  version: 6
  cacheKey: 8

"circom-snarkjs@workspace:.":
  version: 0.0.0-use.local
  resolution: "circom-snarkjs@workspace:."
  dependencies:
    circomlib: ^2.0.5
  languageName: unknown
  linkType: soft

"circomlib@npm:^2.0.5":
  version: 2.0.5
  resolution: "circomlib@npm:2.0.5"
  checksum: df8c3e0d51007758e30bb7ebad059ce692836420c85179088a20581c0adbf8f969d8cf901f9047adfcb80d45741eef4abe4d0d5e4c46748ace06e04256b5bfe7
  languageName: node
  linkType: hard
